<?xml version="1.0" encoding="utf-8"?>
<Project ToolsVersion="17.0" xmlns="http://schemas.microsoft.com/developer/msbuild/2003">
  <ItemGroup>
    <CustomBuild Include="R:\code\cuda\qmyidp\src\test\CMakeFiles\aa3d7752bdd08ed1850eba8543e6fd07\generate.stamp.rule">
      <Filter>CMake Rules</Filter>
    </CustomBuild>
  </ItemGroup>
  <ItemGroup>
    <Filter Include="CMake Rules">
      <UniqueIdentifier>{8C0AF621-C076-3EAE-B0DC-F95BAD4539BF}</UniqueIdentifier>
    </Filter>
  </ItemGroup>
</Project>
